
Microsoft Visual Studio Solution File, Format Version 12.00
# Visual Studio Version 17
VisualStudioVersion = 17.7.34031.279
MinimumVisualStudioVersion = 10.0.40219.1
Project("{8BC9CEB8-8B4A-11D0-8D11-00A0C91BC942}") = "Bai06", "Bai06\Bai06.vcxproj", "{184F30AA-FBF0-46E3-B9C5-D4DE93179931}"
EndProject
Project("{8BC9CEB8-8B4A-11D0-8D11-00A0C91BC942}") = "Bai02", "Bai02\Bai02.vcxproj", "{5AAB8309-E30C-49FD-9400-CE5019BD9165}"
EndProject
Project("{8BC9CEB8-8B4A-11D0-8D11-00A0C91BC942}") = "Bai01", "Bai01\Bai01.vcxproj", "{517FFC85-55F6-47E2-A956-8A9CBA4E6B8D}"
EndProject
Project("{8BC9CEB8-8B4A-11D0-8D11-00A0C91BC942}") = "Bai03", "Bai03\Bai03.vcxproj", "{99DF19A8-39AD-4F9F-B5FA-80FC02EF651A}"
EndProject
Global
	GlobalSection(SolutionConfigurationPlatforms) = preSolution
		Debug|x64 = Debug|x64
		Debug|x86 = Debug|x86
		Release|x64 = Release|x64
		Release|x86 = Release|x86
	EndGlobalSection
	GlobalSection(ProjectConfigurationPlatforms) = postSolution
		{184F30AA-FBF0-46E3-B9C5-D4DE93179931}.Debug|x64.ActiveCfg = Debug|x64
		{184F30AA-FBF0-46E3-B9C5-D4DE93179931}.Debug|x64.Build.0 = Debug|x64
		{184F30AA-FBF0-46E3-B9C5-D4DE93179931}.Debug|x86.ActiveCfg = Debug|Win32
		{184F30AA-FBF0-46E3-B9C5-D4DE93179931}.Debug|x86.Build.0 = Debug|Win32
		{184F30AA-FBF0-46E3-B9C5-D4DE93179931}.Release|x64.ActiveCfg = Release|x64
		{184F30AA-FBF0-46E3-B9C5-D4DE93179931}.Release|x64.Build.0 = Release|x64
		{184F30AA-FBF0-46E3-B9C5-D4DE93179931}.Release|x86.ActiveCfg = Release|Win32
		{184F30AA-FBF0-46E3-B9C5-D4DE93179931}.Release|x86.Build.0 = Release|Win32
		{5AAB8309-E30C-49FD-9400-CE5019BD9165}.Debug|x64.ActiveCfg = Debug|x64
		{5AAB8309-E30C-49FD-9400-CE5019BD9165}.Debug|x64.Build.0 = Debug|x64
		{5AAB8309-E30C-49FD-9400-CE5019BD9165}.Debug|x86.ActiveCfg = Debug|Win32
		{5AAB8309-E30C-49FD-9400-CE5019BD9165}.Debug|x86.Build.0 = Debug|Win32
		{5AAB8309-E30C-49FD-9400-CE5019BD9165}.Release|x64.ActiveCfg = Release|x64
		{5AAB8309-E30C-49FD-9400-CE5019BD9165}.Release|x64.Build.0 = Release|x64
		{5AAB8309-E30C-49FD-9400-CE5019BD9165}.Release|x86.ActiveCfg = Release|Win32
		{5AAB8309-E30C-49FD-9400-CE5019BD9165}.Release|x86.Build.0 = Release|Win32
		{517FFC85-55F6-47E2-A956-8A9CBA4E6B8D}.Debug|x64.ActiveCfg = Debug|x64
		{517FFC85-55F6-47E2-A956-8A9CBA4E6B8D}.Debug|x64.Build.0 = Debug|x64
		{517FFC85-55F6-47E2-A956-8A9CBA4E6B8D}.Debug|x86.ActiveCfg = Debug|Win32
		{517FFC85-55F6-47E2-A956-8A9CBA4E6B8D}.Debug|x86.Build.0 = Debug|Win32
		{517FFC85-55F6-47E2-A956-8A9CBA4E6B8D}.Release|x64.ActiveCfg = Release|x64
		{517FFC85-55F6-47E2-A956-8A9CBA4E6B8D}.Release|x64.Build.0 = Release|x64
		{517FFC85-55F6-47E2-A956-8A9CBA4E6B8D}.Release|x86.ActiveCfg = Release|Win32
		{517FFC85-55F6-47E2-A956-8A9CBA4E6B8D}.Release|x86.Build.0 = Release|Win32
		{99DF19A8-39AD-4F9F-B5FA-80FC02EF651A}.Debug|x64.ActiveCfg = Debug|x64
		{99DF19A8-39AD-4F9F-B5FA-80FC02EF651A}.Debug|x64.Build.0 = Debug|x64
		{99DF19A8-39AD-4F9F-B5FA-80FC02EF651A}.Debug|x86.ActiveCfg = Debug|Win32
		{99DF19A8-39AD-4F9F-B5FA-80FC02EF651A}.Debug|x86.Build.0 = Debug|Win32
		{99DF19A8-39AD-4F9F-B5FA-80FC02EF651A}.Release|x64.ActiveCfg = Release|x64
		{99DF19A8-39AD-4F9F-B5FA-80FC02EF651A}.Release|x64.Build.0 = Release|x64
		{99DF19A8-39AD-4F9F-B5FA-80FC02EF651A}.Release|x86.ActiveCfg = Release|Win32
		{99DF19A8-39AD-4F9F-B5FA-80FC02EF651A}.Release|x86.Build.0 = Release|Win32
	EndGlobalSection
	GlobalSection(SolutionProperties) = preSolution
		HideSolutionNode = FALSE
	EndGlobalSection
	GlobalSection(ExtensibilityGlobals) = postSolution
		SolutionGuid = {685FFA1E-9B5F-4F28-8295-2D68C10DD42C}
	EndGlobalSection
EndGlobal
